{
  "meteor": {
    "git": "https://github.com/meteor/meteor.git",
    "branch": "devel",
    "commit": "a14b278a29ab009c97c36bd34b2897429569ed9a"
  },
  "dependencies": {
    "basePackages": {
      "aloha-editor": {}
    },
    "packages": {
      "aloha-editor": {
        "git": "https://github.com/evo42/meteor-aloha-editor.git",
        "tag": "v0.1.2",
        "commit": "0f903efa86abc6aabb112f772468ef5e7aaa3577"
      }
    }
  }
}
