{
  "meteor": {
    "git": "https://github.com/meteor/meteor.git",
    "branch": "devel",
    "commit": "0ecf4650d004e67ea97efceb5b754382798e281a"
  },
  "dependencies": {
    "basePackages": {
      "github": {},
      "jqbootstrapvalidation": {}
    },
    "packages": {
      "github": {
        "git": "https://github.com/ndhoule/meteor-github.git",
        "tag": "v0.1.8",
        "commit": "7e995c903f287744387856870011abbf8ce8665b"
      },
      "jqbootstrapvalidation": {
        "git": "https://github.com/nate-strauser/meteor-jqbootstrapvalidation.git",
        "tag": "v0.1.0",
        "commit": "2af4625d41a9b24311544a53790f14fa38c27b10"
      }
    }
  }
}
